
Microsoft Visual Studio Solution File, Format Version 12.00
# Visual Studio Version 17
VisualStudioVersion = 17.11.35222.181
MinimumVisualStudioVersion = 10.0.40219.1
Project("{FAE04EC0-301F-11D3-BF4B-00C04F79EFBC}") = "SnakeGamev8", "SnakeGamev8\SnakeGamev8.csproj", "{5E272BCD-6509-46CD-B929-0BBA6D326202}"
EndProject
Global
	GlobalSection(SolutionConfigurationPlatforms) = preSolution
		Debug|Any CPU = Debug|Any CPU
		Release|Any CPU = Release|Any CPU
	EndGlobalSection
	GlobalSection(ProjectConfigurationPlatforms) = postSolution
		{5E272BCD-6509-46CD-B929-0BBA6D326202}.Debug|Any CPU.ActiveCfg = Debug|Any CPU
		{5E272BCD-6509-46CD-B929-0BBA6D326202}.Debug|Any CPU.Build.0 = Debug|Any CPU
		{5E272BCD-6509-46CD-B929-0BBA6D326202}.Release|Any CPU.ActiveCfg = Release|Any CPU
		{5E272BCD-6509-46CD-B929-0BBA6D326202}.Release|Any CPU.Build.0 = Release|Any CPU
	EndGlobalSection
	GlobalSection(SolutionProperties) = preSolution
		HideSolutionNode = FALSE
	EndGlobalSection
	GlobalSection(ExtensibilityGlobals) = postSolution
		SolutionGuid = {C6261556-A210-4B2F-8E6C-1249A46016DD}
	EndGlobalSection
EndGlobal
